lockfileVersion: '6.0'

settings:
  autoInstallPeers: true
  excludeLinksFromLockfile: false

dependencies:
  github-slugger:
    specifier: ^2.0.0
    version: 2.0.0
  mdast-util-to-string:
    specifier: ^3.2.0
    version: 3.2.0
  unist-util-visit:
    specifier: ^5.0.0
    version: 5.0.0

devDependencies:
  vfile:
    specifier: ^6.0.1
    version: 6.0.1

packages:

  /@types/mdast@3.0.15:
    resolution: {integrity: sha512-LnwD+mUEfxWMa1QpDraczIn6k0Ee3SMicuYSSzS6ZYl2gKS09EClnJYGd8Du6rfc5r/GZEk5o1mRb8TaTj03sQ==}
    dependencies:
      '@types/unist': 2.0.10
    dev: false

  /@types/unist@2.0.10:
    resolution: {integrity: sha512-IfYcSBWE3hLpBg8+X2SEa8LVkJdJEkT2Ese2aaLs3ptGdVtABxndrMaxuFlQ1qdFf9Q5rDvDpxI3WwgvKFAsQA==}
    dev: false

  /@types/unist@3.0.2:
    resolution: {integrity: sha512-dqId9J8K/vGi5Zr7oo212BGii5m3q5Hxlkwy3WpYuKPklmBEvsbMYYyLxAQpSffdLl/gdW0XUpKWFvYmyoWCoQ==}

  /github-slugger@2.0.0:
    resolution: {integrity: sha512-IaOQ9puYtjrkq7Y0Ygl9KDZnrf/aiUJYUpVf89y8kyaxbRG7Y1SrX/jaumrv81vc61+kiMempujsM3Yw7w5qcw==}
    dev: false

  /mdast-util-to-string@3.2.0:
    resolution: {integrity: sha512-V4Zn/ncyN1QNSqSBxTrMOLpjr+IKdHl2v3KVLoWmDPscP4r9GcCi71gjgvUV1SFSKh92AjAG4peFuBl2/YgCJg==}
    dependencies:
      '@types/mdast': 3.0.15
    dev: false

  /unist-util-is@6.0.0:
    resolution: {integrity: sha512-2qCTHimwdxLfz+YzdGfkqNlH0tLi9xjTnHddPmJwtIG9MGsdbutfTc4P+haPD7l7Cjxf/WZj+we5qfVPvvxfYw==}
    dependencies:
      '@types/unist': 3.0.2
    dev: false

  /unist-util-stringify-position@4.0.0:
    resolution: {integrity: sha512-0ASV06AAoKCDkS2+xw5RXJywruurpbC4JZSm7nr7MOt1ojAzvyyaO+UxZf18j8FCF6kmzCZKcAgN/yu2gm2XgQ==}
    dependencies:
      '@types/unist': 3.0.2
    dev: true

  /unist-util-visit-parents@6.0.1:
    resolution: {integrity: sha512-L/PqWzfTP9lzzEa6CKs0k2nARxTdZduw3zyh8d2NVBnsyvHjSX4TWse388YrrQKbvI8w20fGjGlhgT96WwKykw==}
    dependencies:
      '@types/unist': 3.0.2
      unist-util-is: 6.0.0
    dev: false

  /unist-util-visit@5.0.0:
    resolution: {integrity: sha512-MR04uvD+07cwl/yhVuVWAtw+3GOR/knlL55Nd/wAdblk27GCVt3lqpTivy/tkJcZoNPzTwS1Y+KMojlLDhoTzg==}
    dependencies:
      '@types/unist': 3.0.2
      unist-util-is: 6.0.0
      unist-util-visit-parents: 6.0.1
    dev: false

  /vfile-message@4.0.2:
    resolution: {integrity: sha512-jRDZ1IMLttGj41KcZvlrYAaI3CfqpLpfpf+Mfig13viT6NKvRzWZ+lXz0Y5D60w6uJIBAOGq9mSHf0gktF0duw==}
    dependencies:
      '@types/unist': 3.0.2
      unist-util-stringify-position: 4.0.0
    dev: true

  /vfile@6.0.1:
    resolution: {integrity: sha512-1bYqc7pt6NIADBJ98UiG0Bn/CHIVOoZ/IyEkqIruLg0mE1BKzkOXY2D6CSqQIcKqgadppE5lrxgWXJmXd7zZJw==}
    dependencies:
      '@types/unist': 3.0.2
      unist-util-stringify-position: 4.0.0
      vfile-message: 4.0.2
    dev: true
